
Microsoft Visual Studio Solution File, Format Version 12.00
# Visual Studio Version 17
VisualStudioVersion = 17.0.32126.317
MinimumVisualStudioVersion = 10.0.40219.1
Project("{9A19103F-16F7-4668-BE54-9A1E7A4F7556}") = "Software_Project", "Software_Project\Software_Project.csproj", "{551480FF-8A9F-4D9B-BA84-A3063FA71AD9}"
EndProject
Project("{9A19103F-16F7-4668-BE54-9A1E7A4F7556}") = "Read_And_Close_File", "Read_And_Close_File\Read_And_Close_File.csproj", "{B7392B4E-B478-4712-BC2F-B58770C92A5E}"
EndProject
Project("{9A19103F-16F7-4668-BE54-9A1E7A4F7556}") = "Remove_Tags_HTML", "Remove_Tags_HTML\Remove_Tags_HTML.csproj", "{F7DF97BD-05D0-45FE-AB61-2A03461BB62C}"
EndProject
Project("{9A19103F-16F7-4668-BE54-9A1E7A4F7556}") = "Ordered_Words", "Ordered_Words\Ordered_Words.csproj", "{06FCA9B7-832B-4613-8CD3-64E199EDF795}"
EndProject
Project("{9A19103F-16F7-4668-BE54-9A1E7A4F7556}") = "Word_Consolidation", "Word_Consolidation\Word_Consolidation.csproj", "{1F5910BF-FEBA-4183-87FE-785D9F649874}"
EndProject
Project("{9A19103F-16F7-4668-BE54-9A1E7A4F7556}") = "Exclude_Duplicated", "Exclude_Duplicated\Exclude_Duplicated.csproj", "{6DE9CEBF-B84D-443C-B5DA-D9D748D656D6}"
EndProject
Project("{9A19103F-16F7-4668-BE54-9A1E7A4F7556}") = "Sum_Word_Per_File", "Sum_Word_Per_File\Sum_Word_Per_File.csproj", "{E6D7A38C-18EE-44D5-82AF-DBC38EBDED6C}"
EndProject
Project("{9A19103F-16F7-4668-BE54-9A1E7A4F7556}") = "File_Posting", "File_Posting\File_Posting.csproj", "{DBC6E3F8-6BEC-4E70-B17F-31E4DF237320}"
EndProject
Project("{9A19103F-16F7-4668-BE54-9A1E7A4F7556}") = "Stop_List", "Stop_List\Stop_List.csproj", "{CBE56286-C31D-4FD2-9FA0-7AD5E5375F56}"
EndProject
Project("{FAE04EC0-301F-11D3-BF4B-00C04F79EFBC}") = "Weight_Tokens", "Weight_Tokens\Weight_Tokens.csproj", "{F27507D1-7383-416B-9FDE-569259B73368}"
EndProject
Project("{FAE04EC0-301F-11D3-BF4B-00C04F79EFBC}") = "Hash_Table", "Hash_Table\Hash_Table.csproj", "{30D417C1-267B-46FC-B22A-352C9B8816A9}"
EndProject
Global
	GlobalSection(SolutionConfigurationPlatforms) = preSolution
		Debug|Any CPU = Debug|Any CPU
		Release|Any CPU = Release|Any CPU
	EndGlobalSection
	GlobalSection(ProjectConfigurationPlatforms) = postSolution
		{551480FF-8A9F-4D9B-BA84-A3063FA71AD9}.Debug|Any CPU.ActiveCfg = Debug|Any CPU
		{551480FF-8A9F-4D9B-BA84-A3063FA71AD9}.Debug|Any CPU.Build.0 = Debug|Any CPU
		{551480FF-8A9F-4D9B-BA84-A3063FA71AD9}.Release|Any CPU.ActiveCfg = Release|Any CPU
		{551480FF-8A9F-4D9B-BA84-A3063FA71AD9}.Release|Any CPU.Build.0 = Release|Any CPU
		{B7392B4E-B478-4712-BC2F-B58770C92A5E}.Debug|Any CPU.ActiveCfg = Debug|Any CPU
		{B7392B4E-B478-4712-BC2F-B58770C92A5E}.Debug|Any CPU.Build.0 = Debug|Any CPU
		{B7392B4E-B478-4712-BC2F-B58770C92A5E}.Release|Any CPU.ActiveCfg = Release|Any CPU
		{B7392B4E-B478-4712-BC2F-B58770C92A5E}.Release|Any CPU.Build.0 = Release|Any CPU
		{F7DF97BD-05D0-45FE-AB61-2A03461BB62C}.Debug|Any CPU.ActiveCfg = Debug|Any CPU
		{F7DF97BD-05D0-45FE-AB61-2A03461BB62C}.Debug|Any CPU.Build.0 = Debug|Any CPU
		{F7DF97BD-05D0-45FE-AB61-2A03461BB62C}.Release|Any CPU.ActiveCfg = Release|Any CPU
		{F7DF97BD-05D0-45FE-AB61-2A03461BB62C}.Release|Any CPU.Build.0 = Release|Any CPU
		{06FCA9B7-832B-4613-8CD3-64E199EDF795}.Debug|Any CPU.ActiveCfg = Debug|Any CPU
		{06FCA9B7-832B-4613-8CD3-64E199EDF795}.Debug|Any CPU.Build.0 = Debug|Any CPU
		{06FCA9B7-832B-4613-8CD3-64E199EDF795}.Release|Any CPU.ActiveCfg = Release|Any CPU
		{06FCA9B7-832B-4613-8CD3-64E199EDF795}.Release|Any CPU.Build.0 = Release|Any CPU
		{1F5910BF-FEBA-4183-87FE-785D9F649874}.Debug|Any CPU.ActiveCfg = Debug|Any CPU
		{1F5910BF-FEBA-4183-87FE-785D9F649874}.Debug|Any CPU.Build.0 = Debug|Any CPU
		{1F5910BF-FEBA-4183-87FE-785D9F649874}.Release|Any CPU.ActiveCfg = Release|Any CPU
		{1F5910BF-FEBA-4183-87FE-785D9F649874}.Release|Any CPU.Build.0 = Release|Any CPU
		{6DE9CEBF-B84D-443C-B5DA-D9D748D656D6}.Debug|Any CPU.ActiveCfg = Debug|Any CPU
		{6DE9CEBF-B84D-443C-B5DA-D9D748D656D6}.Debug|Any CPU.Build.0 = Debug|Any CPU
		{6DE9CEBF-B84D-443C-B5DA-D9D748D656D6}.Release|Any CPU.ActiveCfg = Release|Any CPU
		{6DE9CEBF-B84D-443C-B5DA-D9D748D656D6}.Release|Any CPU.Build.0 = Release|Any CPU
		{E6D7A38C-18EE-44D5-82AF-DBC38EBDED6C}.Debug|Any CPU.ActiveCfg = Debug|Any CPU
		{E6D7A38C-18EE-44D5-82AF-DBC38EBDED6C}.Debug|Any CPU.Build.0 = Debug|Any CPU
		{E6D7A38C-18EE-44D5-82AF-DBC38EBDED6C}.Release|Any CPU.ActiveCfg = Release|Any CPU
		{E6D7A38C-18EE-44D5-82AF-DBC38EBDED6C}.Release|Any CPU.Build.0 = Release|Any CPU
		{DBC6E3F8-6BEC-4E70-B17F-31E4DF237320}.Debug|Any CPU.ActiveCfg = Debug|Any CPU
		{DBC6E3F8-6BEC-4E70-B17F-31E4DF237320}.Debug|Any CPU.Build.0 = Debug|Any CPU
		{DBC6E3F8-6BEC-4E70-B17F-31E4DF237320}.Release|Any CPU.ActiveCfg = Release|Any CPU
		{DBC6E3F8-6BEC-4E70-B17F-31E4DF237320}.Release|Any CPU.Build.0 = Release|Any CPU
		{CBE56286-C31D-4FD2-9FA0-7AD5E5375F56}.Debug|Any CPU.ActiveCfg = Debug|Any CPU
		{CBE56286-C31D-4FD2-9FA0-7AD5E5375F56}.Debug|Any CPU.Build.0 = Debug|Any CPU
		{CBE56286-C31D-4FD2-9FA0-7AD5E5375F56}.Release|Any CPU.ActiveCfg = Release|Any CPU
		{CBE56286-C31D-4FD2-9FA0-7AD5E5375F56}.Release|Any CPU.Build.0 = Release|Any CPU
		{F27507D1-7383-416B-9FDE-569259B73368}.Debug|Any CPU.ActiveCfg = Debug|Any CPU
		{F27507D1-7383-416B-9FDE-569259B73368}.Debug|Any CPU.Build.0 = Debug|Any CPU
		{F27507D1-7383-416B-9FDE-569259B73368}.Release|Any CPU.ActiveCfg = Release|Any CPU
		{F27507D1-7383-416B-9FDE-569259B73368}.Release|Any CPU.Build.0 = Release|Any CPU
		{30D417C1-267B-46FC-B22A-352C9B8816A9}.Debug|Any CPU.ActiveCfg = Debug|Any CPU
		{30D417C1-267B-46FC-B22A-352C9B8816A9}.Debug|Any CPU.Build.0 = Debug|Any CPU
		{30D417C1-267B-46FC-B22A-352C9B8816A9}.Release|Any CPU.ActiveCfg = Release|Any CPU
		{30D417C1-267B-46FC-B22A-352C9B8816A9}.Release|Any CPU.Build.0 = Release|Any CPU
	EndGlobalSection
	GlobalSection(SolutionProperties) = preSolution
		HideSolutionNode = FALSE
	EndGlobalSection
	GlobalSection(ExtensibilityGlobals) = postSolution
		SolutionGuid = {5D85810D-961E-4FB8-9F30-76F0345810ED}
	EndGlobalSection
EndGlobal
